
Microsoft Visual Studio Solution File, Format Version 12.00
# Visual Studio Version 17
VisualStudioVersion = 17.9.34723.18
MinimumVisualStudioVersion = 10.0.40219.1
Project("{FAE04EC0-301F-11D3-BF4B-00C04F79EFBC}") = "Triangle", "Triangle.csproj", "{39178557-F9A5-4C54-B020-734BD0CF75DC}"
EndProject
Global
	GlobalSection(SolutionConfigurationPlatforms) = preSolution
		Debug|Any CPU = Debug|Any CPU
		Release|Any CPU = Release|Any CPU
	EndGlobalSection
	GlobalSection(ProjectConfigurationPlatforms) = postSolution
		{39178557-F9A5-4C54-B020-734BD0CF75DC}.Debug|Any CPU.ActiveCfg = Debug|Any CPU
		{39178557-F9A5-4C54-B020-734BD0CF75DC}.Debug|Any CPU.Build.0 = Debug|Any CPU
		{39178557-F9A5-4C54-B020-734BD0CF75DC}.Release|Any CPU.ActiveCfg = Release|Any CPU
		{39178557-F9A5-4C54-B020-734BD0CF75DC}.Release|Any CPU.Build.0 = Release|Any CPU
	EndGlobalSection
	GlobalSection(SolutionProperties) = preSolution
		HideSolutionNode = FALSE
	EndGlobalSection
	GlobalSection(ExtensibilityGlobals) = postSolution
		SolutionGuid = {94472B5E-D75F-43AB-8C37-37A1CDCB1C95}
	EndGlobalSection
EndGlobal
